{
  "name": "truthgoggleslinter",
  "version": "1.0.0",
  "lockfileVersion": 1,
  "requires": true,
  "dependencies": {
    "ansi-regex": {
      "version": "3.0.0",
      "resolved": "https://registry.npmjs.org/ansi-regex/-/ansi-regex-3.0.0.tgz",
      "integrity": "sha1-7QMXwyIGT3lGbAKWa922Bas32Zg="
    },
    "array-iterate": {
      "version": "1.1.2",
      "resolved": "https://registry.npmjs.org/array-iterate/-/array-iterate-1.1.2.tgz",
      "integrity": "sha512-1hWSHTIlG/8wtYD+PPX5AOBtKWngpDFjrsrHgZpe+JdgNGz0udYu6ZIkAa/xuenIUEqFv7DvE2Yr60jxweJSrQ=="
    },
    "bail": {
      "version": "1.0.3",
      "resolved": "https://registry.npmjs.org/bail/-/bail-1.0.3.tgz",
      "integrity": "sha512-1X8CnjFVQ+a+KW36uBNMTU5s8+v5FzeqrP7hTG5aTb4aPreSbZJlhwPon9VKMuEVgV++JM+SQrALY3kr7eswdg=="
    },
    "extend": {
      "version": "3.0.2",
      "resolved": "https://registry.npmjs.org/extend/-/extend-3.0.2.tgz",
      "integrity": "sha512-fjquC59cD7CyW6urNXK0FBufkZcoiGG80wTuPujX590cB5Ttln20E2UB4S/WARVqhXffZl2LNgS+gQdPIIim/g=="
    },
    "has-flag": {
      "version": "3.0.0",
      "resolved": "https://registry.npmjs.org/has-flag/-/has-flag-3.0.0.tgz",
      "integrity": "sha1-tdRU3CGZriJWmfNGfloH87lVuv0="
    },
    "inherits": {
      "version": "2.0.3",
      "resolved": "https://registry.npmjs.org/inherits/-/inherits-2.0.3.tgz",
      "integrity": "sha1-Yzwsg+PaQqUC9SRmAiSA9CCCYd4="
    },
    "is-buffer": {
      "version": "2.0.3",
      "resolved": "https://registry.npmjs.org/is-buffer/-/is-buffer-2.0.3.tgz",
      "integrity": "sha512-U15Q7MXTuZlrbymiz95PJpZxu8IlipAp4dtS3wOdgPXx3mqBnslrWU14kxfHB+Py/+2PVKSr37dMAgM2A4uArw=="
    },
    "is-fullwidth-code-point": {
      "version": "2.0.0",
      "resolved": "https://registry.npmjs.org/is-fullwidth-code-point/-/is-fullwidth-code-point-2.0.0.tgz",
      "integrity": "sha1-o7MKXE8ZkYMWeqq5O+764937ZU8="
    },
    "is-plain-obj": {
      "version": "1.1.0",
      "resolved": "https://registry.npmjs.org/is-plain-obj/-/is-plain-obj-1.1.0.tgz",
      "integrity": "sha1-caUMhCnfync8kqOQpKA7OfzVHT4="
    },
    "lodash.difference": {
      "version": "4.5.0",
      "resolved": "https://registry.npmjs.org/lodash.difference/-/lodash.difference-4.5.0.tgz",
      "integrity": "sha1-nMtOUF1Ia5FlE0V3KIWi3yf9AXw="
    },
    "lodash.intersection": {
      "version": "4.4.0",
      "resolved": "https://registry.npmjs.org/lodash.intersection/-/lodash.intersection-4.4.0.tgz",
      "integrity": "sha1-ChG6Yx0OlcI8fy9Mu5ppLtF45wU="
    },
    "lowdash": {
      "version": "1.2.0",
      "resolved": "https://registry.npmjs.org/lowdash/-/lowdash-1.2.0.tgz",
      "integrity": "sha512-oHdShh4q1SmsUkLBa9ITyi4x3ObxUxFeGNu7GCGta8b9jq0IAmZ/Zeapd/Ex7/OuA8tN96izhRdQlUcMe40Ing=="
    },
    "nlcst-is-literal": {
      "version": "1.1.2",
      "resolved": "https://registry.npmjs.org/nlcst-is-literal/-/nlcst-is-literal-1.1.2.tgz",
      "integrity": "sha512-eFdFvG7XE/YwPFbRk3ryzinTVGWpAEBQNH/FWc4sVSHXUumZtdSVaJYsz0axK4uF1pmlIAWgYWhzDuQ8NTf79A==",
      "requires": {
        "nlcst-to-string": "^2.0.0"
      }
    },
    "nlcst-normalize": {
      "version": "2.1.2",
      "resolved": "https://registry.npmjs.org/nlcst-normalize/-/nlcst-normalize-2.1.2.tgz",
      "integrity": "sha512-fvXY7r3MsPFoB7nAUxhuBUJ8UC8wzBpWXuPRNL5DYca805CvThsV1wEIbkD9X/t506vvRfL3rRjXnfmbcl7O4Q==",
      "requires": {
        "nlcst-to-string": "^2.0.0"
      }
    },
    "nlcst-search": {
      "version": "1.5.0",
      "resolved": "https://registry.npmjs.org/nlcst-search/-/nlcst-search-1.5.0.tgz",
      "integrity": "sha512-2OYlim0rafAJRtwhqUxgwyXskQNSiDHrMWXjUaPzzYwWfG3XnM3OAextLxj0i/iObl1mG4ZAGKY6nwtfogJMzQ==",
      "requires": {
        "nlcst-is-literal": "^1.1.0",
        "nlcst-normalize": "^2.1.0",
        "unist-util-visit": "^1.0.0"
      }
    },
    "nlcst-to-string": {
      "version": "2.0.2",
      "resolved": "https://registry.npmjs.org/nlcst-to-string/-/nlcst-to-string-2.0.2.tgz",
      "integrity": "sha512-DV7wVvMcAsmZ5qEwvX1JUNF4lKkAAKbChwNlIH7NLsPR7LWWoeIt53YlZ5CQH5KDXEXQ9Xa3mw0PbPewymrtew=="
    },
    "object-keys": {
      "version": "1.0.12",
      "resolved": "https://registry.npmjs.org/object-keys/-/object-keys-1.0.12.tgz",
      "integrity": "sha512-FTMyFUm2wBcGHnH2eXmz7tC6IwlqQZ6mVZ+6dm6vZ4IQIHjs6FdNsQBuKGPuUUUY6NfJw2PshC08Tn6LzLDOag=="
    },
    "parse-english": {
      "version": "4.1.1",
      "resolved": "https://registry.npmjs.org/parse-english/-/parse-english-4.1.1.tgz",
      "integrity": "sha512-g7hegR9AFIlGXl5645mG8nQeeWW7SrK7lgmgIWR0KKWvGyZO5mxa4GGoNxRLm6VW2LGpLnn6g4O9yyLJQ4IzQw==",
      "requires": {
        "nlcst-to-string": "^2.0.0",
        "parse-latin": "^4.0.0",
        "unist-util-modify-children": "^1.0.0",
        "unist-util-visit-children": "^1.0.0"
      }
    },
    "parse-latin": {
      "version": "4.1.1",
      "resolved": "https://registry.npmjs.org/parse-latin/-/parse-latin-4.1.1.tgz",
      "integrity": "sha512-9fPVvDdw6G8LxL3o/PL6IzSGNGpF+3HEjCzFe0dN83sZPstftyr+McP9dNi3+EnR7ICYOHbHKCZ0l7JD90K5xQ==",
      "requires": {
        "nlcst-to-string": "^2.0.0",
        "unist-util-modify-children": "^1.0.0",
        "unist-util-visit-children": "^1.0.0"
      }
    },
    "pluralize": {
      "version": "7.0.0",
      "resolved": "https://registry.npmjs.org/pluralize/-/pluralize-7.0.0.tgz",
      "integrity": "sha512-ARhBOdzS3e41FbkW/XWrTEtukqqLoK5+Z/4UeDaLuSW+39JPeFgs4gCGqsrJHVZX0fUrx//4OF0K1CUGwlIFow=="
    },
    "polibiased": {
      "version": "1.2.1",
      "resolved": "https://registry.npmjs.org/polibiased/-/polibiased-1.2.1.tgz",
      "integrity": "sha512-juZRBFxLhYCT8H7SUkvOYFv8Ljnb0EuS8aUdyu1WF9+KS7T4savh7hqhh42onl6Xkq85z5LxNAjZn/thiu3TGQ=="
    },
    "quotation": {
      "version": "1.1.1",
      "resolved": "https://registry.npmjs.org/quotation/-/quotation-1.1.1.tgz",
      "integrity": "sha512-bjz7kEsfg6D3uMeed+VbeypnooGlX7enMnDbx0KLYEEM8J1k24jk2pc+1nyQ1sExnERz8xKXRSZ0EYNIwLM83g=="
    },
    "repeat-string": {
      "version": "1.6.1",
      "resolved": "https://registry.npmjs.org/repeat-string/-/repeat-string-1.6.1.tgz",
      "integrity": "sha1-jcrkcOHIirwtYA//Sndihtp15jc="
    },
    "replace-ext": {
      "version": "1.0.0",
      "resolved": "https://registry.npmjs.org/replace-ext/-/replace-ext-1.0.0.tgz",
      "integrity": "sha1-3mMSg3P8v3w8z6TeWkgMRaZ5WOs="
    },
    "retext-english": {
      "version": "3.0.0",
      "resolved": "https://registry.npmjs.org/retext-english/-/retext-english-3.0.0.tgz",
      "integrity": "sha1-wXy1a9Xxuj3uM1XdurefHEiUqAk=",
      "requires": {
        "parse-english": "^4.0.0",
        "unherit": "^1.0.4"
      }
    },
    "retext-stringify": {
      "version": "2.0.0",
      "resolved": "https://registry.npmjs.org/retext-stringify/-/retext-stringify-2.0.0.tgz",
      "integrity": "sha1-ACOPrMVJH1vNxYlwOkZY2y5UQVs=",
      "requires": {
        "nlcst-to-string": "^2.0.0"
      }
    },
    "string-width": {
      "version": "2.1.1",
      "resolved": "https://registry.npmjs.org/string-width/-/string-width-2.1.1.tgz",
      "integrity": "sha512-nOqH59deCq9SRHlxq1Aw85Jnt4w6KvLKqWVik6oA9ZklXLNIOlqg4F2yrT1MVaTjAqvVwdfeZ7w7aCvJD7ugkw==",
      "requires": {
        "is-fullwidth-code-point": "^2.0.0",
        "strip-ansi": "^4.0.0"
      }
    },
    "strip-ansi": {
      "version": "4.0.0",
      "resolved": "https://registry.npmjs.org/strip-ansi/-/strip-ansi-4.0.0.tgz",
      "integrity": "sha1-qEeQIusaw2iocTibY1JixQXuNo8=",
      "requires": {
        "ansi-regex": "^3.0.0"
      }
    },
    "supports-color": {
      "version": "5.5.0",
      "resolved": "https://registry.npmjs.org/supports-color/-/supports-color-5.5.0.tgz",
      "integrity": "sha512-QjVjwdXIt408MIiAqCX4oUKsgU2EqAGzs2Ppkm4aQYbjm+ZEWEcW4SfFNTr4uMNZma0ey4f5lgLrkB0aX0QMow==",
      "requires": {
        "has-flag": "^3.0.0"
      }
    },
    "to-vfile": {
      "version": "5.0.1",
      "resolved": "https://registry.npmjs.org/to-vfile/-/to-vfile-5.0.1.tgz",
      "integrity": "sha512-6Vk50kB5K71b2fNP4eLBCBlfS1Q1tCcFvJvWyDR1mJ1uyH0N4Ux9CakLseEFE9FFpokdMpbHHAXZhcCJITrY3A==",
      "requires": {
        "is-buffer": "^2.0.0",
        "vfile": "^3.0.0"
      }
    },
    "trough": {
      "version": "1.0.3",
      "resolved": "https://registry.npmjs.org/trough/-/trough-1.0.3.tgz",
      "integrity": "sha512-fwkLWH+DimvA4YCy+/nvJd61nWQQ2liO/nF/RjkTpiOGi+zxZzVkhb1mvbHIIW4b/8nDsYI8uTmAlc0nNkRMOw=="
    },
    "unherit": {
      "version": "1.1.1",
      "resolved": "https://registry.npmjs.org/unherit/-/unherit-1.1.1.tgz",
      "integrity": "sha512-+XZuV691Cn4zHsK0vkKYwBEwB74T3IZIcxrgn2E4rKwTfFyI1zCh7X7grwh9Re08fdPlarIdyWgI8aVB3F5A5g==",
      "requires": {
        "inherits": "^2.0.1",
        "xtend": "^4.0.1"
      }
    },
    "unified": {
      "version": "7.0.0",
      "resolved": "https://registry.npmjs.org/unified/-/unified-7.0.0.tgz",
      "integrity": "sha512-j+Sm7upmmt3RXPBeA+KFGYBlHBxClnby2DtxezFKwMfhWTAklY4WbEdhwRo6c6GpuHdi04YDsyPKY/kh5a/xnQ==",
      "requires": {
        "bail": "^1.0.0",
        "extend": "^3.0.0",
        "is-plain-obj": "^1.1.0",
        "trough": "^1.0.0",
        "vfile": "^3.0.0",
        "x-is-string": "^0.1.0"
      }
    },
    "unist-util-is": {
      "version": "2.1.2",
      "resolved": "https://registry.npmjs.org/unist-util-is/-/unist-util-is-2.1.2.tgz",
      "integrity": "sha512-YkXBK/H9raAmG7KXck+UUpnKiNmUdB+aBGrknfQ4EreE1banuzrKABx3jP6Z5Z3fMSPMQQmeXBlKpCbMwBkxVw=="
    },
    "unist-util-modify-children": {
      "version": "1.1.2",
      "resolved": "https://registry.npmjs.org/unist-util-modify-children/-/unist-util-modify-children-1.1.2.tgz",
      "integrity": "sha512-GRi04yhng1WqBf5RBzPkOtWAadcZS2gvuOgNn/cyJBYNxtTuyYqTKN0eg4rC1YJwGnzrqfRB3dSKm8cNCjNirg==",
      "requires": {
        "array-iterate": "^1.0.0"
      }
    },
    "unist-util-stringify-position": {
      "version": "1.1.2",
      "resolved": "https://registry.npmjs.org/unist-util-stringify-position/-/unist-util-stringify-position-1.1.2.tgz",
      "integrity": "sha512-pNCVrk64LZv1kElr0N1wPiHEUoXNVFERp+mlTg/s9R5Lwg87f9bM/3sQB99w+N9D/qnM9ar3+AKDBwo/gm/iQQ=="
    },
    "unist-util-visit": {
      "version": "1.4.0",
      "resolved": "https://registry.npmjs.org/unist-util-visit/-/unist-util-visit-1.4.0.tgz",
      "integrity": "sha512-FiGu34ziNsZA3ZUteZxSFaczIjGmksfSgdKqBfOejrrfzyUy5b7YrlzT1Bcvi+djkYDituJDy2XB7tGTeBieKw==",
      "requires": {
        "unist-util-visit-parents": "^2.0.0"
      }
    },
    "unist-util-visit-children": {
      "version": "1.1.2",
      "resolved": "https://registry.npmjs.org/unist-util-visit-children/-/unist-util-visit-children-1.1.2.tgz",
      "integrity": "sha512-q4t6aprUcSQ2/+xlswuh2wUKwUUuMmDjSkfwkMjeVwCXc8NqX8g0FSmNf68CznCmbkrsOPDUR0wj14bCFXXqbA=="
    },
    "unist-util-visit-parents": {
      "version": "2.0.1",
      "resolved": "https://registry.npmjs.org/unist-util-visit-parents/-/unist-util-visit-parents-2.0.1.tgz",
      "integrity": "sha512-6B0UTiMfdWql4cQ03gDTCSns+64Zkfo2OCbK31Ov0uMizEz+CJeAp0cgZVb5Fhmcd7Bct2iRNywejT0orpbqUA==",
      "requires": {
        "unist-util-is": "^2.1.2"
      }
    },
    "vfile": {
      "version": "3.0.0",
      "resolved": "https://registry.npmjs.org/vfile/-/vfile-3.0.0.tgz",
      "integrity": "sha512-X2DiPHL9Nxgfyu5DNVgtTkZtD4d4Zzf7rVBVI+uXP2pWWIQG8Ri+xAP9KdH/sB6SS0a1niWp5bRF88n4ciwhoA==",
      "requires": {
        "is-buffer": "^2.0.0",
        "replace-ext": "1.0.0",
        "unist-util-stringify-position": "^1.0.0",
        "vfile-message": "^1.0.0"
      }
    },
    "vfile-message": {
      "version": "1.0.1",
      "resolved": "https://registry.npmjs.org/vfile-message/-/vfile-message-1.0.1.tgz",
      "integrity": "sha512-vSGCkhNvJzO6VcWC6AlJW4NtYOVtS+RgCaqFIYUjoGIlHnFL+i0LbtYvonDWOMcB97uTPT4PRsyYY7REWC9vug==",
      "requires": {
        "unist-util-stringify-position": "^1.1.1"
      }
    },
    "vfile-reporter": {
      "version": "5.0.0",
      "resolved": "https://registry.npmjs.org/vfile-reporter/-/vfile-reporter-5.0.0.tgz",
      "integrity": "sha512-p1zv4/AfRWUtXEJ0dYSPo1JGS1qL4R95YiHKF7V/8BcXq1buSYIwE660QAHmE7u8tVOjgKp2+oW4RHe+AO+K5Q==",
      "requires": {
        "repeat-string": "^1.5.0",
        "string-width": "^2.0.0",
        "supports-color": "^5.4.0",
        "unist-util-stringify-position": "^1.0.0",
        "vfile-statistics": "^1.1.0"
      }
    },
    "vfile-statistics": {
      "version": "1.1.1",
      "resolved": "https://registry.npmjs.org/vfile-statistics/-/vfile-statistics-1.1.1.tgz",
      "integrity": "sha512-dxUM6IYvGChHuwMT3dseyU5BHprNRXzAV0OHx1A769lVGsTiT50kU7BbpRFV+IE6oWmU+PwHdsTKfXhnDIRIgQ=="
    },
    "x-is-string": {
      "version": "0.1.0",
      "resolved": "https://registry.npmjs.org/x-is-string/-/x-is-string-0.1.0.tgz",
      "integrity": "sha1-R0tQhlrzpJqcRlfwWs0UVFj3fYI="
    },
    "xtend": {
      "version": "4.0.1",
      "resolved": "https://registry.npmjs.org/xtend/-/xtend-4.0.1.tgz",
      "integrity": "sha1-pcbVMr5lbiPbgg77lDofBJmNY68="
    }
  }
}
